
Microsoft Visual Studio Solution File, Format Version 12.00
# Visual Studio 15
VisualStudioVersion = 15.0.28307.757
MinimumVisualStudioVersion = 10.0.40219.1
Project("{FAE04EC0-301F-11D3-BF4B-00C04F79EFBC}") = "ParrotWings", "ParrotWings\ParrotWings.csproj", "{57961262-FAE6-4930-8435-C2F7614DD527}"
EndProject
Global
	GlobalSection(SolutionConfigurationPlatforms) = preSolution
		Debug|Any CPU = Debug|Any CPU
		Release|Any CPU = Release|Any CPU
	EndGlobalSection
	GlobalSection(ProjectConfigurationPlatforms) = postSolution
		{57961262-FAE6-4930-8435-C2F7614DD527}.Debug|Any CPU.ActiveCfg = Debug|Any CPU
		{57961262-FAE6-4930-8435-C2F7614DD527}.Debug|Any CPU.Build.0 = Debug|Any CPU
		{57961262-FAE6-4930-8435-C2F7614DD527}.Release|Any CPU.ActiveCfg = Release|Any CPU
		{57961262-FAE6-4930-8435-C2F7614DD527}.Release|Any CPU.Build.0 = Release|Any CPU
	EndGlobalSection
	GlobalSection(SolutionProperties) = preSolution
		HideSolutionNode = FALSE
	EndGlobalSection
	GlobalSection(ExtensibilityGlobals) = postSolution
		SolutionGuid = {0692F512-06F8-470F-B05C-AB663588C2B8}
	EndGlobalSection
EndGlobal
